
Microsoft Visual Studio Solution File, Format Version 12.00
# Visual Studio 15
VisualStudioVersion = 15.0.26730.16
MinimumVisualStudioVersion = 10.0.40219.1
Project("{9A19103F-16F7-4668-BE54-9A1E7A4F7556}") = "aliyun-netcore-sdk-core", "aliyun-netcore-sdk-core\aliyun-netcore-sdk-core.csproj", "{38CD613E-E3CB-40AE-9F97-D65B201FAD1D}"
EndProject
Project("{FAE04EC0-301F-11D3-BF4B-00C04F79EFBC}") = "aliyun-netcore-sdk-iot", "aliyun-netcore-sdk-iot\aliyun-netcore-sdk-iot.csproj", "{C2296F77-CF1F-49ED-9DE7-E4A1B00E857F}"
EndProject
Project("{FAE04EC0-301F-11D3-BF4B-00C04F79EFBC}") = "UnitTestProject", "UnitTestProject\UnitTestProject.csproj", "{DF9AC2EB-64EF-443E-9BE9-3E5620F434FA}"
EndProject
Global
	GlobalSection(SolutionConfigurationPlatforms) = preSolution
		Debug|Any CPU = Debug|Any CPU
		Release|Any CPU = Release|Any CPU
	EndGlobalSection
	GlobalSection(ProjectConfigurationPlatforms) = postSolution
		{38CD613E-E3CB-40AE-9F97-D65B201FAD1D}.Debug|Any CPU.ActiveCfg = Debug|Any CPU
		{38CD613E-E3CB-40AE-9F97-D65B201FAD1D}.Debug|Any CPU.Build.0 = Debug|Any CPU
		{38CD613E-E3CB-40AE-9F97-D65B201FAD1D}.Release|Any CPU.ActiveCfg = Release|Any CPU
		{38CD613E-E3CB-40AE-9F97-D65B201FAD1D}.Release|Any CPU.Build.0 = Release|Any CPU
		{C2296F77-CF1F-49ED-9DE7-E4A1B00E857F}.Debug|Any CPU.ActiveCfg = Debug|Any CPU
		{C2296F77-CF1F-49ED-9DE7-E4A1B00E857F}.Debug|Any CPU.Build.0 = Debug|Any CPU
		{C2296F77-CF1F-49ED-9DE7-E4A1B00E857F}.Release|Any CPU.ActiveCfg = Release|Any CPU
		{C2296F77-CF1F-49ED-9DE7-E4A1B00E857F}.Release|Any CPU.Build.0 = Release|Any CPU
		{DF9AC2EB-64EF-443E-9BE9-3E5620F434FA}.Debug|Any CPU.ActiveCfg = Debug|Any CPU
		{DF9AC2EB-64EF-443E-9BE9-3E5620F434FA}.Debug|Any CPU.Build.0 = Debug|Any CPU
		{DF9AC2EB-64EF-443E-9BE9-3E5620F434FA}.Release|Any CPU.ActiveCfg = Release|Any CPU
		{DF9AC2EB-64EF-443E-9BE9-3E5620F434FA}.Release|Any CPU.Build.0 = Release|Any CPU
	EndGlobalSection
	GlobalSection(SolutionProperties) = preSolution
		HideSolutionNode = FALSE
	EndGlobalSection
	GlobalSection(ExtensibilityGlobals) = postSolution
		SolutionGuid = {3DE601E0-47D8-43EE-9838-EF405FFCA329}
	EndGlobalSection
EndGlobal
